
Microsoft Visual Studio Solution File, Format Version 12.00
# Visual Studio Version 16
VisualStudioVersion = 16.0.31515.178
MinimumVisualStudioVersion = 10.0.40219.1
Project("{FAE04EC0-301F-11D3-BF4B-00C04F79EFBC}") = "AdventureProject", "AdventureProject.csproj", "{46BE6CBF-C8C7-4DE7-929F-BBD08E9B6177}"
EndProject
Global
	GlobalSection(SolutionConfigurationPlatforms) = preSolution
		Debug|Any CPU = Debug|Any CPU
		Release|Any CPU = Release|Any CPU
	EndGlobalSection
	GlobalSection(ProjectConfigurationPlatforms) = postSolution
		{46BE6CBF-C8C7-4DE7-929F-BBD08E9B6177}.Debug|Any CPU.ActiveCfg = Debug|Any CPU
		{46BE6CBF-C8C7-4DE7-929F-BBD08E9B6177}.Debug|Any CPU.Build.0 = Debug|Any CPU
		{46BE6CBF-C8C7-4DE7-929F-BBD08E9B6177}.Release|Any CPU.ActiveCfg = Release|Any CPU
		{46BE6CBF-C8C7-4DE7-929F-BBD08E9B6177}.Release|Any CPU.Build.0 = Release|Any CPU
	EndGlobalSection
	GlobalSection(SolutionProperties) = preSolution
		HideSolutionNode = FALSE
	EndGlobalSection
	GlobalSection(ExtensibilityGlobals) = postSolution
		SolutionGuid = {ED641F84-DA70-42D9-8CBB-649F2F15962E}
	EndGlobalSection
EndGlobal
